
Microsoft Visual Studio Solution File, Format Version 11.00
# Visual Studio 2010
Project("{8BC9CEB8-8B4A-11D0-8D11-00A0C91BC942}") = "HookIMEInput", "HookIMEInput\HookIMEInput.vcxproj", "{1849642A-6788-40A3-AC2C-780F7C6D15BD}"
EndProject
Project("{8BC9CEB8-8B4A-11D0-8D11-00A0C91BC942}") = "HookIMEInputUse", "HookIMEInputUse\HookIMEInputUse.vcxproj", "{74416F05-6339-49AA-8F59-3781EA001DCB}"
EndProject
Project("{8BC9CEB8-8B4A-11D0-8D11-00A0C91BC942}") = "DetectFolderAndFile", "DetectFolderAndFile\DetectFolderAndFile.vcxproj", "{34C4C9A5-56C5-465F-A5FD-AF7B3273C12A}"
EndProject
Project("{8BC9CEB8-8B4A-11D0-8D11-00A0C91BC942}") = "DetectWhenWndCreate", "DetectWhenWndCreate\DetectWhenWndCreate.vcxproj", "{71E363A7-0625-469B-AE41-48AEE7B0D5EC}"
EndProject
Project("{8BC9CEB8-8B4A-11D0-8D11-00A0C91BC942}") = "DetectWhenWndCreate2", "DetectWhenWndCreate2\DetectWhenWndCreate2.vcxproj", "{5BBCF86D-7F26-4755-9FFD-8817AAEB89A2}"
EndProject
Project("{8BC9CEB8-8B4A-11D0-8D11-00A0C91BC942}") = "DetectWhenWndCreateDLL", "DetectWhenWndCreateDLL\DetectWhenWndCreateDLL.vcxproj", "{D69A2742-6257-4563-8D9E-2FD6F29B0CB7}"
EndProject
Project("{8BC9CEB8-8B4A-11D0-8D11-00A0C91BC942}") = "C08StartupProgressHook", "C08StartupProgressHook\C08StartupProgressHook.vcxproj", "{E930F763-73C2-43E3-A40F-D851ADBC69FF}"
EndProject
Project("{8BC9CEB8-8B4A-11D0-8D11-00A0C91BC942}") = "C09IconDraw", "C09IconDraw\C09IconDraw.vcxproj", "{9B399745-BCB6-4E65-95B6-DC16F4DE6CCF}"
EndProject
Project("{8BC9CEB8-8B4A-11D0-8D11-00A0C91BC942}") = "DestopItem", "DestopItem\DestopItem.vcxproj", "{25E1C06D-260D-41F7-9C8D-FF50577A2201}"
EndProject
Project("{8BC9CEB8-8B4A-11D0-8D11-00A0C91BC942}") = "test", "test\test.vcxproj", "{8ECD9ACC-E4C3-4E61-AB19-509404E70EA8}"
EndProject
Project("{8BC9CEB8-8B4A-11D0-8D11-00A0C91BC942}") = "TestBB", "TestBB\TestBB.vcxproj", "{56FE7199-58EA-48AC-A2D7-5E34DEC98E77}"
EndProject
Project("{8BC9CEB8-8B4A-11D0-8D11-00A0C91BC942}") = "ListViewOwnerDraw", "ListViewOwnerDraw\ListViewOwnerDraw.vcxproj", "{3FF1F6FA-BEA2-40DE-BCCC-20233A115FA2}"
EndProject
Project("{8BC9CEB8-8B4A-11D0-8D11-00A0C91BC942}") = "PowerOnTask", "PowerOnTask\PowerOnTask.vcxproj", "{1555F67F-88C6-4B23-96B6-562FE6C245A4}"
EndProject
Project("{8BC9CEB8-8B4A-11D0-8D11-00A0C91BC942}") = "IShellFolderUse", "IShellFolderUse\IShellFolderUse.vcxproj", "{C4FE88C5-CF42-483A-BABF-2225F27BE915}"
EndProject
Global
	GlobalSection(SolutionConfigurationPlatforms) = preSolution
		Debug|Win32 = Debug|Win32
		Debug|x64 = Debug|x64
		Release|Win32 = Release|Win32
		Release|x64 = Release|x64
	EndGlobalSection
	GlobalSection(ProjectConfigurationPlatforms) = postSolution
		{1849642A-6788-40A3-AC2C-780F7C6D15BD}.Debug|Win32.ActiveCfg = Debug|Win32
		{1849642A-6788-40A3-AC2C-780F7C6D15BD}.Debug|Win32.Build.0 = Debug|Win32
		{1849642A-6788-40A3-AC2C-780F7C6D15BD}.Debug|x64.ActiveCfg = Debug|x64
		{1849642A-6788-40A3-AC2C-780F7C6D15BD}.Debug|x64.Build.0 = Debug|x64
		{1849642A-6788-40A3-AC2C-780F7C6D15BD}.Release|Win32.ActiveCfg = Release|Win32
		{1849642A-6788-40A3-AC2C-780F7C6D15BD}.Release|Win32.Build.0 = Release|Win32
		{1849642A-6788-40A3-AC2C-780F7C6D15BD}.Release|x64.ActiveCfg = Release|x64
		{1849642A-6788-40A3-AC2C-780F7C6D15BD}.Release|x64.Build.0 = Release|x64
		{74416F05-6339-49AA-8F59-3781EA001DCB}.Debug|Win32.ActiveCfg = Debug|Win32
		{74416F05-6339-49AA-8F59-3781EA001DCB}.Debug|Win32.Build.0 = Debug|Win32
		{74416F05-6339-49AA-8F59-3781EA001DCB}.Debug|x64.ActiveCfg = Debug|x64
		{74416F05-6339-49AA-8F59-3781EA001DCB}.Debug|x64.Build.0 = Debug|x64
		{74416F05-6339-49AA-8F59-3781EA001DCB}.Release|Win32.ActiveCfg = Release|Win32
		{74416F05-6339-49AA-8F59-3781EA001DCB}.Release|Win32.Build.0 = Release|Win32
		{74416F05-6339-49AA-8F59-3781EA001DCB}.Release|x64.ActiveCfg = Release|x64
		{74416F05-6339-49AA-8F59-3781EA001DCB}.Release|x64.Build.0 = Release|x64
		{34C4C9A5-56C5-465F-A5FD-AF7B3273C12A}.Debug|Win32.ActiveCfg = Debug|Win32
		{34C4C9A5-56C5-465F-A5FD-AF7B3273C12A}.Debug|Win32.Build.0 = Debug|Win32
		{34C4C9A5-56C5-465F-A5FD-AF7B3273C12A}.Debug|x64.ActiveCfg = Debug|x64
		{34C4C9A5-56C5-465F-A5FD-AF7B3273C12A}.Debug|x64.Build.0 = Debug|x64
		{34C4C9A5-56C5-465F-A5FD-AF7B3273C12A}.Release|Win32.ActiveCfg = Release|Win32
		{34C4C9A5-56C5-465F-A5FD-AF7B3273C12A}.Release|Win32.Build.0 = Release|Win32
		{34C4C9A5-56C5-465F-A5FD-AF7B3273C12A}.Release|x64.ActiveCfg = Release|x64
		{34C4C9A5-56C5-465F-A5FD-AF7B3273C12A}.Release|x64.Build.0 = Release|x64
		{71E363A7-0625-469B-AE41-48AEE7B0D5EC}.Debug|Win32.ActiveCfg = Debug|Win32
		{71E363A7-0625-469B-AE41-48AEE7B0D5EC}.Debug|Win32.Build.0 = Debug|Win32
		{71E363A7-0625-469B-AE41-48AEE7B0D5EC}.Debug|x64.ActiveCfg = Debug|x64
		{71E363A7-0625-469B-AE41-48AEE7B0D5EC}.Debug|x64.Build.0 = Debug|x64
		{71E363A7-0625-469B-AE41-48AEE7B0D5EC}.Release|Win32.ActiveCfg = Release|Win32
		{71E363A7-0625-469B-AE41-48AEE7B0D5EC}.Release|Win32.Build.0 = Release|Win32
		{71E363A7-0625-469B-AE41-48AEE7B0D5EC}.Release|x64.ActiveCfg = Release|x64
		{71E363A7-0625-469B-AE41-48AEE7B0D5EC}.Release|x64.Build.0 = Release|x64
		{5BBCF86D-7F26-4755-9FFD-8817AAEB89A2}.Debug|Win32.ActiveCfg = Debug|Win32
		{5BBCF86D-7F26-4755-9FFD-8817AAEB89A2}.Debug|Win32.Build.0 = Debug|Win32
		{5BBCF86D-7F26-4755-9FFD-8817AAEB89A2}.Debug|x64.ActiveCfg = Debug|x64
		{5BBCF86D-7F26-4755-9FFD-8817AAEB89A2}.Debug|x64.Build.0 = Debug|x64
		{5BBCF86D-7F26-4755-9FFD-8817AAEB89A2}.Release|Win32.ActiveCfg = Release|Win32
		{5BBCF86D-7F26-4755-9FFD-8817AAEB89A2}.Release|Win32.Build.0 = Release|Win32
		{5BBCF86D-7F26-4755-9FFD-8817AAEB89A2}.Release|x64.ActiveCfg = Release|x64
		{5BBCF86D-7F26-4755-9FFD-8817AAEB89A2}.Release|x64.Build.0 = Release|x64
		{D69A2742-6257-4563-8D9E-2FD6F29B0CB7}.Debug|Win32.ActiveCfg = Debug|Win32
		{D69A2742-6257-4563-8D9E-2FD6F29B0CB7}.Debug|Win32.Build.0 = Debug|Win32
		{D69A2742-6257-4563-8D9E-2FD6F29B0CB7}.Debug|x64.ActiveCfg = Debug|x64
		{D69A2742-6257-4563-8D9E-2FD6F29B0CB7}.Debug|x64.Build.0 = Debug|x64
		{D69A2742-6257-4563-8D9E-2FD6F29B0CB7}.Release|Win32.ActiveCfg = Release|Win32
		{D69A2742-6257-4563-8D9E-2FD6F29B0CB7}.Release|Win32.Build.0 = Release|Win32
		{D69A2742-6257-4563-8D9E-2FD6F29B0CB7}.Release|x64.ActiveCfg = Release|x64
		{D69A2742-6257-4563-8D9E-2FD6F29B0CB7}.Release|x64.Build.0 = Release|x64
		{E930F763-73C2-43E3-A40F-D851ADBC69FF}.Debug|Win32.ActiveCfg = Debug|Win32
		{E930F763-73C2-43E3-A40F-D851ADBC69FF}.Debug|Win32.Build.0 = Debug|Win32
		{E930F763-73C2-43E3-A40F-D851ADBC69FF}.Debug|x64.ActiveCfg = Debug|x64
		{E930F763-73C2-43E3-A40F-D851ADBC69FF}.Debug|x64.Build.0 = Debug|x64
		{E930F763-73C2-43E3-A40F-D851ADBC69FF}.Release|Win32.ActiveCfg = Release|Win32
		{E930F763-73C2-43E3-A40F-D851ADBC69FF}.Release|Win32.Build.0 = Release|Win32
		{E930F763-73C2-43E3-A40F-D851ADBC69FF}.Release|x64.ActiveCfg = Release|x64
		{E930F763-73C2-43E3-A40F-D851ADBC69FF}.Release|x64.Build.0 = Release|x64
		{9B399745-BCB6-4E65-95B6-DC16F4DE6CCF}.Debug|Win32.ActiveCfg = Debug|Win32
		{9B399745-BCB6-4E65-95B6-DC16F4DE6CCF}.Debug|Win32.Build.0 = Debug|Win32
		{9B399745-BCB6-4E65-95B6-DC16F4DE6CCF}.Debug|x64.ActiveCfg = Debug|x64
		{9B399745-BCB6-4E65-95B6-DC16F4DE6CCF}.Debug|x64.Build.0 = Debug|x64
		{9B399745-BCB6-4E65-95B6-DC16F4DE6CCF}.Release|Win32.ActiveCfg = Release|Win32
		{9B399745-BCB6-4E65-95B6-DC16F4DE6CCF}.Release|Win32.Build.0 = Release|Win32
		{9B399745-BCB6-4E65-95B6-DC16F4DE6CCF}.Release|x64.ActiveCfg = Release|x64
		{9B399745-BCB6-4E65-95B6-DC16F4DE6CCF}.Release|x64.Build.0 = Release|x64
		{25E1C06D-260D-41F7-9C8D-FF50577A2201}.Debug|Win32.ActiveCfg = Debug|Win32
		{25E1C06D-260D-41F7-9C8D-FF50577A2201}.Debug|Win32.Build.0 = Debug|Win32
		{25E1C06D-260D-41F7-9C8D-FF50577A2201}.Debug|x64.ActiveCfg = Debug|x64
		{25E1C06D-260D-41F7-9C8D-FF50577A2201}.Debug|x64.Build.0 = Debug|x64
		{25E1C06D-260D-41F7-9C8D-FF50577A2201}.Release|Win32.ActiveCfg = Release|Win32
		{25E1C06D-260D-41F7-9C8D-FF50577A2201}.Release|Win32.Build.0 = Release|Win32
		{25E1C06D-260D-41F7-9C8D-FF50577A2201}.Release|x64.ActiveCfg = Release|x64
		{25E1C06D-260D-41F7-9C8D-FF50577A2201}.Release|x64.Build.0 = Release|x64
		{8ECD9ACC-E4C3-4E61-AB19-509404E70EA8}.Debug|Win32.ActiveCfg = Debug|Win32
		{8ECD9ACC-E4C3-4E61-AB19-509404E70EA8}.Debug|Win32.Build.0 = Debug|Win32
		{8ECD9ACC-E4C3-4E61-AB19-509404E70EA8}.Debug|x64.ActiveCfg = Debug|x64
		{8ECD9ACC-E4C3-4E61-AB19-509404E70EA8}.Debug|x64.Build.0 = Debug|x64
		{8ECD9ACC-E4C3-4E61-AB19-509404E70EA8}.Release|Win32.ActiveCfg = Release|Win32
		{8ECD9ACC-E4C3-4E61-AB19-509404E70EA8}.Release|Win32.Build.0 = Release|Win32
		{8ECD9ACC-E4C3-4E61-AB19-509404E70EA8}.Release|x64.ActiveCfg = Release|x64
		{8ECD9ACC-E4C3-4E61-AB19-509404E70EA8}.Release|x64.Build.0 = Release|x64
		{56FE7199-58EA-48AC-A2D7-5E34DEC98E77}.Debug|Win32.ActiveCfg = Debug|Win32
		{56FE7199-58EA-48AC-A2D7-5E34DEC98E77}.Debug|Win32.Build.0 = Debug|Win32
		{56FE7199-58EA-48AC-A2D7-5E34DEC98E77}.Debug|x64.ActiveCfg = Debug|x64
		{56FE7199-58EA-48AC-A2D7-5E34DEC98E77}.Debug|x64.Build.0 = Debug|x64
		{56FE7199-58EA-48AC-A2D7-5E34DEC98E77}.Release|Win32.ActiveCfg = Release|Win32
		{56FE7199-58EA-48AC-A2D7-5E34DEC98E77}.Release|Win32.Build.0 = Release|Win32
		{56FE7199-58EA-48AC-A2D7-5E34DEC98E77}.Release|x64.ActiveCfg = Release|x64
		{56FE7199-58EA-48AC-A2D7-5E34DEC98E77}.Release|x64.Build.0 = Release|x64
		{3FF1F6FA-BEA2-40DE-BCCC-20233A115FA2}.Debug|Win32.ActiveCfg = Debug|Win32
		{3FF1F6FA-BEA2-40DE-BCCC-20233A115FA2}.Debug|Win32.Build.0 = Debug|Win32
		{3FF1F6FA-BEA2-40DE-BCCC-20233A115FA2}.Debug|x64.ActiveCfg = Debug|x64
		{3FF1F6FA-BEA2-40DE-BCCC-20233A115FA2}.Debug|x64.Build.0 = Debug|x64
		{3FF1F6FA-BEA2-40DE-BCCC-20233A115FA2}.Release|Win32.ActiveCfg = Release|Win32
		{3FF1F6FA-BEA2-40DE-BCCC-20233A115FA2}.Release|Win32.Build.0 = Release|Win32
		{3FF1F6FA-BEA2-40DE-BCCC-20233A115FA2}.Release|x64.ActiveCfg = Release|x64
		{3FF1F6FA-BEA2-40DE-BCCC-20233A115FA2}.Release|x64.Build.0 = Release|x64
		{1555F67F-88C6-4B23-96B6-562FE6C245A4}.Debug|Win32.ActiveCfg = Debug|Win32
		{1555F67F-88C6-4B23-96B6-562FE6C245A4}.Debug|Win32.Build.0 = Debug|Win32
		{1555F67F-88C6-4B23-96B6-562FE6C245A4}.Debug|x64.ActiveCfg = Debug|Win32
		{1555F67F-88C6-4B23-96B6-562FE6C245A4}.Release|Win32.ActiveCfg = Release|Win32
		{1555F67F-88C6-4B23-96B6-562FE6C245A4}.Release|Win32.Build.0 = Release|Win32
		{1555F67F-88C6-4B23-96B6-562FE6C245A4}.Release|x64.ActiveCfg = Release|Win32
		{C4FE88C5-CF42-483A-BABF-2225F27BE915}.Debug|Win32.ActiveCfg = Debug|Win32
		{C4FE88C5-CF42-483A-BABF-2225F27BE915}.Debug|Win32.Build.0 = Debug|Win32
		{C4FE88C5-CF42-483A-BABF-2225F27BE915}.Debug|x64.ActiveCfg = Debug|Win32
		{C4FE88C5-CF42-483A-BABF-2225F27BE915}.Release|Win32.ActiveCfg = Release|Win32
		{C4FE88C5-CF42-483A-BABF-2225F27BE915}.Release|Win32.Build.0 = Release|Win32
		{C4FE88C5-CF42-483A-BABF-2225F27BE915}.Release|x64.ActiveCfg = Release|Win32
	EndGlobalSection
	GlobalSection(SolutionProperties) = preSolution
		HideSolutionNode = FALSE
	EndGlobalSection
EndGlobal
