
Microsoft Visual Studio Solution File, Format Version 12.00
# Visual Studio 2013
VisualStudioVersion = 12.0.31101.0
MinimumVisualStudioVersion = 10.0.40219.1
Project("{8BC9CEB8-8B4A-11D0-8D11-00A0C91BC942}") = "WLogger", "WLogger\WLogger.vcxproj", "{034B566E-2F99-4E97-BD15-A07ADD511EA9}"
EndProject
Project("{8BC9CEB8-8B4A-11D0-8D11-00A0C91BC942}") = "ShareMem", "ShareMem\ShareMem.vcxproj", "{7365DB23-6D47-421F-889D-CA189E42FFCB}"
EndProject
Global
	GlobalSection(SolutionConfigurationPlatforms) = preSolution
		Debug|Win32 = Debug|Win32
		Release|Win32 = Release|Win32
	EndGlobalSection
	GlobalSection(ProjectConfigurationPlatforms) = postSolution
		{034B566E-2F99-4E97-BD15-A07ADD511EA9}.Debug|Win32.ActiveCfg = Debug|Win32
		{034B566E-2F99-4E97-BD15-A07ADD511EA9}.Debug|Win32.Build.0 = Debug|Win32
		{034B566E-2F99-4E97-BD15-A07ADD511EA9}.Release|Win32.ActiveCfg = Release|Win32
		{034B566E-2F99-4E97-BD15-A07ADD511EA9}.Release|Win32.Build.0 = Release|Win32
		{7365DB23-6D47-421F-889D-CA189E42FFCB}.Debug|Win32.ActiveCfg = Debug|Win32
		{7365DB23-6D47-421F-889D-CA189E42FFCB}.Debug|Win32.Build.0 = Debug|Win32
		{7365DB23-6D47-421F-889D-CA189E42FFCB}.Release|Win32.ActiveCfg = Release|Win32
		{7365DB23-6D47-421F-889D-CA189E42FFCB}.Release|Win32.Build.0 = Release|Win32
	EndGlobalSection
	GlobalSection(SolutionProperties) = preSolution
		HideSolutionNode = FALSE
	EndGlobalSection
EndGlobal
