Microsoft Visual Studio Solution File, Format Version 12.00
# Visual Studio 2013
VisualStudioVersion = 12.0.31101.0
MinimumVisualStudioVersion = 10.0.40219.1
Project("{8BC9CEB8-8B4A-11D0-8D11-00A0C91BC942}") = "ShellExample", "ShellExample.vcxproj", "{92898FCD-E9FA-4065-B8D1-94D37C109062}"
EndProject
Project("{8BC9CEB8-8B4A-11D0-8D11-00A0C91BC942}") = "ShellPropPage", "ShellPropPage\ShellPropPage.vcxproj", "{BA05AB5F-32B6-413E-A62A-36834A2D5955}"
EndProject
Global
	GlobalSection(SolutionConfigurationPlatforms) = preSolution
		Debug|Mixed Platforms = Debug|Mixed Platforms
		Debug|Win32 = Debug|Win32
		Debug|x64 = Debug|x64
		Release|Mixed Platforms = Release|Mixed Platforms
		Release|Win32 = Release|Win32
		Release|x64 = Release|x64
	EndGlobalSection
	GlobalSection(ProjectConfigurationPlatforms) = postSolution
		{92898FCD-E9FA-4065-B8D1-94D37C109062}.Debug|Mixed Platforms.ActiveCfg = Debug|Win32
		{92898FCD-E9FA-4065-B8D1-94D37C109062}.Debug|Mixed Platforms.Build.0 = Debug|Win32
		{92898FCD-E9FA-4065-B8D1-94D37C109062}.Debug|Win32.ActiveCfg = Debug|Win32
		{92898FCD-E9FA-4065-B8D1-94D37C109062}.Debug|Win32.Build.0 = Debug|Win32
		{92898FCD-E9FA-4065-B8D1-94D37C109062}.Debug|x64.ActiveCfg = Debug|x64
		{92898FCD-E9FA-4065-B8D1-94D37C109062}.Debug|x64.Build.0 = Debug|x64
		{92898FCD-E9FA-4065-B8D1-94D37C109062}.Release|Mixed Platforms.ActiveCfg = Release|Win32
		{92898FCD-E9FA-4065-B8D1-94D37C109062}.Release|Mixed Platforms.Build.0 = Release|Win32
		{92898FCD-E9FA-4065-B8D1-94D37C109062}.Release|Win32.ActiveCfg = Release|Win32
		{92898FCD-E9FA-4065-B8D1-94D37C109062}.Release|Win32.Build.0 = Release|Win32
		{92898FCD-E9FA-4065-B8D1-94D37C109062}.Release|x64.ActiveCfg = Release|x64
		{92898FCD-E9FA-4065-B8D1-94D37C109062}.Release|x64.Build.0 = Release|x64
		{BA05AB5F-32B6-413E-A62A-36834A2D5955}.Debug|Mixed Platforms.ActiveCfg = Debug|Win32
		{BA05AB5F-32B6-413E-A62A-36834A2D5955}.Debug|Mixed Platforms.Build.0 = Debug|Win32
		{BA05AB5F-32B6-413E-A62A-36834A2D5955}.Debug|Win32.ActiveCfg = Debug|Win32
		{BA05AB5F-32B6-413E-A62A-36834A2D5955}.Debug|Win32.Build.0 = Debug|Win32
		{BA05AB5F-32B6-413E-A62A-36834A2D5955}.Debug|x64.ActiveCfg = Debug|Win32
		{BA05AB5F-32B6-413E-A62A-36834A2D5955}.Release|Mixed Platforms.ActiveCfg = Release|Win32
		{BA05AB5F-32B6-413E-A62A-36834A2D5955}.Release|Mixed Platforms.Build.0 = Release|Win32
		{BA05AB5F-32B6-413E-A62A-36834A2D5955}.Release|Win32.ActiveCfg = Release|Win32
		{BA05AB5F-32B6-413E-A62A-36834A2D5955}.Release|Win32.Build.0 = Release|Win32
		{BA05AB5F-32B6-413E-A62A-36834A2D5955}.Release|x64.ActiveCfg = Release|Win32
	EndGlobalSection
	GlobalSection(SolutionProperties) = preSolution
		HideSolutionNode = FALSE
	EndGlobalSection
EndGlobal
