<?xml version="1.0" encoding="utf-8"?>
<Project ToolsVersion="4.0" xmlns="http://schemas.microsoft.com/developer/msbuild/2003">
  <ItemGroup>
    <Filter Include="源文件">
      <UniqueIdentifier>{4FC737F1-C7A5-4376-A066-2A32D752A2FF}</UniqueIdentifier>
      <Extensions>cpp;c;cc;cxx;def;odl;idl;hpj;bat;asm;asmx</Extensions>
    </Filter>
    <Filter Include="头文件">
      <UniqueIdentifier>{93995380-89BD-4b04-88EB-625FBE52EBFB}</UniqueIdentifier>
      <Extensions>h;hpp;hxx;hm;inl;inc;xsd</Extensions>
    </Filter>
    <Filter Include="资源文件">
      <UniqueIdentifier>{67DA6AB6-F800-4c08-8B7A-83BB121AAD01}</UniqueIdentifier>
      <Extensions>rc;ico;cur;bmp;dlg;rc2;rct;bin;rgs;gif;jpg;jpeg;jpe;resx;tiff;tif;png;wav</Extensions>
    </Filter>
    <Filter Include="生成的文件">
      <UniqueIdentifier>{ca237185-b822-4add-a761-330f47e2b03c}</UniqueIdentifier>
      <SourceControlFiles>False</SourceControlFiles>
    </Filter>
  </ItemGroup>
  <ItemGroup>
    <ClCompile Include="CLientName.cpp">
      <Filter>源文件</Filter>
    </ClCompile>
    <ClCompile Include="ConfigReader.cpp">
      <Filter>源文件</Filter>
    </ClCompile>
    <ClCompile Include="DbFile.cpp">
      <Filter>源文件</Filter>
    </ClCompile>
    <ClCompile Include="DCSection.cpp">
      <Filter>源文件</Filter>
    </ClCompile>
    <ClCompile Include="FileBase.cpp">
      <Filter>源文件</Filter>
    </ClCompile>
    <ClCompile Include="FileSearcher.cpp">
      <Filter>源文件</Filter>
    </ClCompile>
    <ClCompile Include="FormatUtil.cpp">
      <Filter>源文件</Filter>
    </ClCompile>
    <ClCompile Include="HManager.cpp">
      <Filter>源文件</Filter>
    </ClCompile>
    <ClCompile Include="HSearcher.cpp">
      <Filter>源文件</Filter>
    </ClCompile>
    <ClCompile Include="LogFactory.cpp">
      <Filter>源文件</Filter>
    </ClCompile>
    <ClCompile Include="LogWriter.cpp">
      <Filter>源文件</Filter>
    </ClCompile>
    <ClCompile Include="..\Logger\MemBuffer.cpp">
      <Filter>源文件</Filter>
    </ClCompile>
    <ClCompile Include="..\Logger\MemWriter.cpp">
      <Filter>源文件</Filter>
    </ClCompile>
    <ClCompile Include="Parameter.cpp">
      <Filter>源文件</Filter>
    </ClCompile>
    <ClCompile Include="..\Logger\SimpleLogger.cpp">
      <Filter>源文件</Filter>
    </ClCompile>
    <ClCompile Include="StateMonitor.cpp">
      <Filter>源文件</Filter>
    </ClCompile>
    <ClCompile Include="stdafx.cpp">
      <Filter>源文件</Filter>
    </ClCompile>
    <ClCompile Include="TextFile.cpp">
      <Filter>源文件</Filter>
    </ClCompile>
    <ClCompile Include="XFile.cpp">
      <Filter>源文件</Filter>
    </ClCompile>
    <ClCompile Include="..\Logger\XLogUtil.cpp">
      <Filter>源文件</Filter>
    </ClCompile>
    <ClCompile Include="XFile_i.c">
      <Filter>生成的文件</Filter>
    </ClCompile>
  </ItemGroup>
  <ItemGroup>
    <Midl Include="XFile.idl">
      <Filter>源文件</Filter>
    </Midl>
  </ItemGroup>
  <ItemGroup>
    <ClInclude Include="CLientName.h">
      <Filter>头文件</Filter>
    </ClInclude>
    <ClInclude Include="ConfigReader.h">
      <Filter>头文件</Filter>
    </ClInclude>
    <ClInclude Include="..\Logger\Constants.h">
      <Filter>头文件</Filter>
    </ClInclude>
    <ClInclude Include="DataArray.h">
      <Filter>头文件</Filter>
    </ClInclude>
    <ClInclude Include="DbFile.h">
      <Filter>头文件</Filter>
    </ClInclude>
    <ClInclude Include="DCSection.h">
      <Filter>头文件</Filter>
    </ClInclude>
    <ClInclude Include="FileBase.h">
      <Filter>头文件</Filter>
    </ClInclude>
    <ClInclude Include="FileSearcher.h">
      <Filter>头文件</Filter>
    </ClInclude>
    <ClInclude Include="FormatUtil.h">
      <Filter>头文件</Filter>
    </ClInclude>
    <ClInclude Include="HManager.h">
      <Filter>头文件</Filter>
    </ClInclude>
    <ClInclude Include="HSearcher.h">
      <Filter>头文件</Filter>
    </ClInclude>
    <ClInclude Include="LogFactory.h">
      <Filter>头文件</Filter>
    </ClInclude>
    <ClInclude Include="LogWriter.h">
      <Filter>头文件</Filter>
    </ClInclude>
    <ClInclude Include="..\Logger\MemBuffer.h">
      <Filter>头文件</Filter>
    </ClInclude>
    <ClInclude Include="..\Logger\MemWriter.h">
      <Filter>头文件</Filter>
    </ClInclude>
    <ClInclude Include="Parameter.h">
      <Filter>头文件</Filter>
    </ClInclude>
    <ClInclude Include="Resource.h">
      <Filter>头文件</Filter>
    </ClInclude>
    <ClInclude Include="..\Logger\SimpleLogger.h">
      <Filter>头文件</Filter>
    </ClInclude>
    <ClInclude Include="StateMonitor.h">
      <Filter>头文件</Filter>
    </ClInclude>
    <ClInclude Include="stdafx.h">
      <Filter>头文件</Filter>
    </ClInclude>
    <ClInclude Include="targetver.h">
      <Filter>头文件</Filter>
    </ClInclude>
    <ClInclude Include="TextFile.h">
      <Filter>头文件</Filter>
    </ClInclude>
    <ClInclude Include="..\Logger\XLogUtil.h">
      <Filter>头文件</Filter>
    </ClInclude>
    <ClInclude Include="XFile_i.h">
      <Filter>生成的文件</Filter>
    </ClInclude>
  </ItemGroup>
  <ItemGroup>
    <None Include="LogFactory.rgs">
      <Filter>资源文件</Filter>
    </None>
    <None Include="XFile.rgs">
      <Filter>资源文件</Filter>
    </None>
  </ItemGroup>
  <ItemGroup>
    <ResourceCompile Include="XFile.rc">
      <Filter>资源文件</Filter>
    </ResourceCompile>
  </ItemGroup>
  <ItemGroup>
    <Text Include="ReadMe.txt" />
  </ItemGroup>
</Project>