<?xml version="1.0" encoding="utf-8"?>
<Project ToolsVersion="4.0" xmlns="http://schemas.microsoft.com/developer/msbuild/2003">
  <ItemGroup>
    <Filter Include="源文件">
      <UniqueIdentifier>{4FC737F1-C7A5-4376-A066-2A32D752A2FF}</UniqueIdentifier>
      <Extensions>cpp;c;cc;cxx;def;odl;idl;hpj;bat;asm;asmx</Extensions>
    </Filter>
    <Filter Include="头文件">
      <UniqueIdentifier>{93995380-89BD-4b04-88EB-625FBE52EBFB}</UniqueIdentifier>
      <Extensions>h;hpp;hxx;hm;inl;inc;xsd</Extensions>
    </Filter>
    <Filter Include="资源文件">
      <UniqueIdentifier>{67DA6AB6-F800-4c08-8B7A-83BB121AAD01}</UniqueIdentifier>
      <Extensions>rc;ico;cur;bmp;dlg;rc2;rct;bin;rgs;gif;jpg;jpeg;jpe;resx;tiff;tif;png;wav;mfcribbon-ms</Extensions>
    </Filter>
    <Filter Include="UI">
      <UniqueIdentifier>{03c8bc7c-aaab-4958-9f57-51b77e93f4a1}</UniqueIdentifier>
    </Filter>
  </ItemGroup>
  <ItemGroup>
    <None Include="ReadMe.txt" />
  </ItemGroup>
  <ItemGroup>
    <ClInclude Include="stdafx.h">
      <Filter>头文件</Filter>
    </ClInclude>
    <ClInclude Include="targetver.h">
      <Filter>头文件</Filter>
    </ClInclude>
    <ClInclude Include="UI\UIDefine.h">
      <Filter>UI</Filter>
    </ClInclude>
    <ClInclude Include="UI\WWindow.h">
      <Filter>UI</Filter>
    </ClInclude>
    <ClInclude Include="UI\WDC.h">
      <Filter>UI</Filter>
    </ClInclude>
    <ClInclude Include="UI\WRect.h">
      <Filter>UI</Filter>
    </ClInclude>
    <ClInclude Include="UI\WEdit.h">
      <Filter>UI</Filter>
    </ClInclude>
    <ClInclude Include="UI\WHotKeyEdit.h">
      <Filter>UI</Filter>
    </ClInclude>
    <ClInclude Include="UI\TrayIcon.h">
      <Filter>UI</Filter>
    </ClInclude>
    <ClInclude Include="UI\WStatic.h">
      <Filter>UI</Filter>
    </ClInclude>
    <ClInclude Include="UI\WStaticEx.h">
      <Filter>UI</Filter>
    </ClInclude>
    <ClInclude Include="UI\WButton.h">
      <Filter>UI</Filter>
    </ClInclude>
    <ClInclude Include="UI\WTask.h">
      <Filter>UI</Filter>
    </ClInclude>
  </ItemGroup>
  <ItemGroup>
    <ClCompile Include="stdafx.cpp">
      <Filter>源文件</Filter>
    </ClCompile>
    <ClCompile Include="dllmain.cpp">
      <Filter>源文件</Filter>
    </ClCompile>
    <ClCompile Include="UI\UIDefine.cpp">
      <Filter>UI</Filter>
    </ClCompile>
    <ClCompile Include="WingyUI.cpp">
      <Filter>源文件</Filter>
    </ClCompile>
    <ClCompile Include="UI\WWindow.cpp">
      <Filter>UI</Filter>
    </ClCompile>
    <ClCompile Include="UI\WDC.cpp">
      <Filter>UI</Filter>
    </ClCompile>
    <ClCompile Include="UI\WRect.cpp">
      <Filter>UI</Filter>
    </ClCompile>
    <ClCompile Include="UI\WEdit.cpp">
      <Filter>UI</Filter>
    </ClCompile>
    <ClCompile Include="UI\WHotKeyEdit.cpp">
      <Filter>UI</Filter>
    </ClCompile>
    <ClCompile Include="UI\TrayIcon.cpp">
      <Filter>UI</Filter>
    </ClCompile>
    <ClCompile Include="UI\WStatic.cpp">
      <Filter>UI</Filter>
    </ClCompile>
    <ClCompile Include="UI\WStaticEx.cpp">
      <Filter>UI</Filter>
    </ClCompile>
    <ClCompile Include="UI\WButton.cpp">
      <Filter>UI</Filter>
    </ClCompile>
    <ClCompile Include="UI\WTask.cpp">
      <Filter>UI</Filter>
    </ClCompile>
  </ItemGroup>
</Project>